# This file was autogenerated by Stack.
# You should not edit this file by hand.
# For more information, please see the documentation at:
#   https://docs.haskellstack.org/en/stable/lock_files

packages:
- completed:
    hackage: vty-5.26@sha256:7b1aeebff12d9c8ad43fe997ee0e29cd651eff2d5a0aeceeb9df2ee68efe9c53,20307
    pantry-tree:
      size: 4868
      sha256: c5ea5bd3e38f2f3ef4a48af6c2a5c4a4ce2e06007ed70e562e74e76101536ea7
  original:
    hackage: vty-5.26
snapshots:
- completed:
    size: 524154
    url: https://raw.githubusercontent.com/commercialhaskell/stackage-snapshots/master/lts/14/20.yaml
    sha256: 2f5099f69ddb6abfe64400fe1e6a604e8e628f55e6837211cd70a81eb0a8fa4d
  original: lts-14.20
